
Microsoft Visual Studio Solution File, Format Version 12.00
# Visual Studio Version 17
VisualStudioVersion = 17.8.34330.188
MinimumVisualStudioVersion = 10.0.40219.1
Project("{FAE04EC0-301F-11D3-BF4B-00C04F79EFBC}") = "RestaurantAPI2.0", "RestaurantAPI2.0\RestaurantAPI2.0.csproj", "{FE8D0077-A9C8-4B99-95FC-291439CD7114}"
EndProject
Global
	GlobalSection(SolutionConfigurationPlatforms) = preSolution
		Debug|Any CPU = Debug|Any CPU
		Release|Any CPU = Release|Any CPU
	EndGlobalSection
	GlobalSection(ProjectConfigurationPlatforms) = postSolution
		{FE8D0077-A9C8-4B99-95FC-291439CD7114}.Debug|Any CPU.ActiveCfg = Debug|Any CPU
		{FE8D0077-A9C8-4B99-95FC-291439CD7114}.Debug|Any CPU.Build.0 = Debug|Any CPU
		{FE8D0077-A9C8-4B99-95FC-291439CD7114}.Release|Any CPU.ActiveCfg = Release|Any CPU
		{FE8D0077-A9C8-4B99-95FC-291439CD7114}.Release|Any CPU.Build.0 = Release|Any CPU
	EndGlobalSection
	GlobalSection(SolutionProperties) = preSolution
		HideSolutionNode = FALSE
	EndGlobalSection
	GlobalSection(ExtensibilityGlobals) = postSolution
		SolutionGuid = {FA6133F7-C751-49AC-BA75-67BFAA3B5959}
	EndGlobalSection
EndGlobal
